
Microsoft Visual Studio Solution File, Format Version 12.00
# Visual Studio Version 16
VisualStudioVersion = 16.0.29709.97
MinimumVisualStudioVersion = 10.0.40219.1
Project("{FAE04EC0-301F-11D3-BF4B-00C04F79EFBC}") = "Trendyol - Shopping Cart", "Trendyol - Shopping Cart\Trendyol - Shopping Cart.csproj", "{1AF4D33A-AB54-4F0A-82AB-57370A241F07}"
EndProject
Global
	GlobalSection(SolutionConfigurationPlatforms) = preSolution
		Debug|Any CPU = Debug|Any CPU
		Release|Any CPU = Release|Any CPU
	EndGlobalSection
	GlobalSection(ProjectConfigurationPlatforms) = postSolution
		{1AF4D33A-AB54-4F0A-82AB-57370A241F07}.Debug|Any CPU.ActiveCfg = Debug|Any CPU
		{1AF4D33A-AB54-4F0A-82AB-57370A241F07}.Debug|Any CPU.Build.0 = Debug|Any CPU
		{1AF4D33A-AB54-4F0A-82AB-57370A241F07}.Release|Any CPU.ActiveCfg = Release|Any CPU
		{1AF4D33A-AB54-4F0A-82AB-57370A241F07}.Release|Any CPU.Build.0 = Release|Any CPU
	EndGlobalSection
	GlobalSection(SolutionProperties) = preSolution
		HideSolutionNode = FALSE
	EndGlobalSection
	GlobalSection(ExtensibilityGlobals) = postSolution
		SolutionGuid = {F772BEEA-04EE-43A4-B96A-08C082736557}
	EndGlobalSection
EndGlobal
